{
  "name": "@sencha/cmd",
  "version": "7.2.0",
  "lockfileVersion": 1,
  "requires": true,
  "dependencies": {
    "@sencha/cmd-macos": {
      "version": "7.2.0",
      "resolved": "http://npm.sencha.com/@sencha%2fcmd-macos/-/cmd-macos-7.2.0.tgz",
      "integrity": "sha512-8m8+qopJGntM3cBXn/RFw5+VUBPV2A5XVKVSHuFIFna4EZ0OvWAon0cSL+NAOR6Sn2d+oObn7deWt316AuUpHg==",
      "requires": {
        "fs-extra": "3.0.0"
      }
    },
    "fs-extra": {
      "version": "3.0.0",
      "resolved": "https://registry.npmjs.org/fs-extra/-/fs-extra-3.0.0.tgz",
      "integrity": "sha1-JE4MSwuIGPVAQOwEnYor3cEgKGE=",
      "requires": {
        "graceful-fs": "^4.1.2",
        "jsonfile": "^3.0.0",
        "universalify": "^0.1.0"
      }
    },
    "graceful-fs": {
      "version": "4.2.3",
      "resolved": "https://registry.npmjs.org/graceful-fs/-/graceful-fs-4.2.3.tgz",
      "integrity": "sha512-a30VEBm4PEdx1dRB7MFK7BejejvCvBronbLjht+sHuGYj8PHs7M/5Z+rt5lw551vZ7yfTCj4Vuyy3mSJytDWRQ=="
    },
    "jsonfile": {
      "version": "3.0.1",
      "resolved": "https://registry.npmjs.org/jsonfile/-/jsonfile-3.0.1.tgz",
      "integrity": "sha1-pezG9l9T9mLEQVx2daAzHQmS7GY=",
      "requires": {
        "graceful-fs": "^4.1.6"
      }
    },
    "universalify": {
      "version": "0.1.2",
      "resolved": "https://registry.npmjs.org/universalify/-/universalify-0.1.2.tgz",
      "integrity": "sha512-rBJeI5CXAlmy1pV+617WB9J63U6XcazHHF2f2dbJix4XzpUF0RS3Zbj0FGIOCAva5P/d/GBOYaACQ1w+0azUkg=="
    }
  }
}
